
Microsoft Visual Studio Solution File, Format Version 10.00
# Visual C++ Express 2008
Project("{8BC9CEB8-8B4A-11D0-8D11-00A0C91BC942}") = "TabControlSample", "TabControlSample\TabControlSample.vcproj", "{DB8A434A-610B-4D81-A8C1-ED5092F04C70}"
EndProject
Global
	GlobalSection(SolutionConfigurationPlatforms) = preSolution
		Debug|Win32 = Debug|Win32
		Release|Win32 = Release|Win32
	EndGlobalSection
	GlobalSection(ProjectConfigurationPlatforms) = postSolution
		{DB8A434A-610B-4D81-A8C1-ED5092F04C70}.Debug|Win32.ActiveCfg = Debug|Win32
		{DB8A434A-610B-4D81-A8C1-ED5092F04C70}.Debug|Win32.Build.0 = Debug|Win32
		{DB8A434A-610B-4D81-A8C1-ED5092F04C70}.Release|Win32.ActiveCfg = Release|Win32
		{DB8A434A-610B-4D81-A8C1-ED5092F04C70}.Release|Win32.Build.0 = Release|Win32
	EndGlobalSection
	GlobalSection(SolutionProperties) = preSolution
		HideSolutionNode = FALSE
	EndGlobalSection
EndGlobal
